Microsoft Visual Studio Solution File, Format Version 11.00
# Visual Studio 2010
Project("{F184B08F-C81C-45F6-A57F-5ABD9991F28F}") = "DelayedImagesEF.Module", "DelayedImagesEF.Module\DelayedImagesEF.Module.vbproj", "{526FDCE8-54B5-4EBA-9C93-9E173995DD8C}"
EndProject
Project("{F184B08F-C81C-45F6-A57F-5ABD9991F28F}") = "DelayedImagesEF.Module.Web", "DelayedImagesEF.Module.Web\DelayedImagesEF.Module.Web.vbproj", "{4DDD32FA-FD30-476E-B990-3AF14D0D8C79}"
EndProject
Project("{F184B08F-C81C-45F6-A57F-5ABD9991F28F}") = "DelayedImagesEF.Web", "DelayedImagesEF.Web\DelayedImagesEF.Web.vbproj", "{F81E3CCD-00E3-42DB-97EE-A849C60ED44D}"
EndProject
Project("{F184B08F-C81C-45F6-A57F-5ABD9991F28F}") = "DelayedImagesEF.Module.Win", "DelayedImagesEF.Module.Win\DelayedImagesEF.Module.Win.vbproj", "{15685853-2F92-4F3F-A697-F5DB4D4C7A91}"
EndProject
Project("{F184B08F-C81C-45F6-A57F-5ABD9991F28F}") = "DelayedImagesEF.Win", "DelayedImagesEF.Win\DelayedImagesEF.Win.vbproj", "{87978AB6-374F-4F4D-83E6-FD5C767D88F5}"
EndProject
Global
	GlobalSection(SolutionConfigurationPlatforms) = preSolution
		Debug|Any CPU = Debug|Any CPU
		EasyTest|Any CPU = EasyTest|Any CPU
		Release|Any CPU = Release|Any CPU
	EndGlobalSection
	GlobalSection(ProjectConfigurationPlatforms) = postSolution
		{526FDCE8-54B5-4EBA-9C93-9E173995DD8C}.Debug|Any CPU.ActiveCfg = Debug|Any CPU
		{526FDCE8-54B5-4EBA-9C93-9E173995DD8C}.Debug|Any CPU.Build.0 = Debug|Any CPU
		{526FDCE8-54B5-4EBA-9C93-9E173995DD8C}.EasyTest|Any CPU.ActiveCfg = EasyTest|Any CPU
		{526FDCE8-54B5-4EBA-9C93-9E173995DD8C}.EasyTest|Any CPU.Build.0 = EasyTest|Any CPU
		{526FDCE8-54B5-4EBA-9C93-9E173995DD8C}.Release|Any CPU.ActiveCfg = Release|Any CPU
		{526FDCE8-54B5-4EBA-9C93-9E173995DD8C}.Release|Any CPU.Build.0 = Release|Any CPU
		{4DDD32FA-FD30-476E-B990-3AF14D0D8C79}.Debug|Any CPU.ActiveCfg = Debug|Any CPU
		{4DDD32FA-FD30-476E-B990-3AF14D0D8C79}.Debug|Any CPU.Build.0 = Debug|Any CPU
		{4DDD32FA-FD30-476E-B990-3AF14D0D8C79}.EasyTest|Any CPU.ActiveCfg = EasyTest|Any CPU
		{4DDD32FA-FD30-476E-B990-3AF14D0D8C79}.EasyTest|Any CPU.Build.0 = EasyTest|Any CPU
		{4DDD32FA-FD30-476E-B990-3AF14D0D8C79}.Release|Any CPU.ActiveCfg = Release|Any CPU
		{4DDD32FA-FD30-476E-B990-3AF14D0D8C79}.Release|Any CPU.Build.0 = Release|Any CPU
		{F81E3CCD-00E3-42DB-97EE-A849C60ED44D}.Debug|Any CPU.ActiveCfg = Debug|Any CPU
		{F81E3CCD-00E3-42DB-97EE-A849C60ED44D}.Debug|Any CPU.Build.0 = Debug|Any CPU
		{F81E3CCD-00E3-42DB-97EE-A849C60ED44D}.EasyTest|Any CPU.ActiveCfg = EasyTest|Any CPU
		{F81E3CCD-00E3-42DB-97EE-A849C60ED44D}.EasyTest|Any CPU.Build.0 = EasyTest|Any CPU
		{F81E3CCD-00E3-42DB-97EE-A849C60ED44D}.Release|Any CPU.ActiveCfg = Release|Any CPU
		{F81E3CCD-00E3-42DB-97EE-A849C60ED44D}.Release|Any CPU.Build.0 = Release|Any CPU
		{15685853-2F92-4F3F-A697-F5DB4D4C7A91}.Debug|Any CPU.ActiveCfg = Debug|Any CPU
		{15685853-2F92-4F3F-A697-F5DB4D4C7A91}.Debug|Any CPU.Build.0 = Debug|Any CPU
		{15685853-2F92-4F3F-A697-F5DB4D4C7A91}.EasyTest|Any CPU.ActiveCfg = EasyTest|Any CPU
		{15685853-2F92-4F3F-A697-F5DB4D4C7A91}.EasyTest|Any CPU.Build.0 = EasyTest|Any CPU
		{15685853-2F92-4F3F-A697-F5DB4D4C7A91}.Release|Any CPU.ActiveCfg = Release|Any CPU
		{15685853-2F92-4F3F-A697-F5DB4D4C7A91}.Release|Any CPU.Build.0 = Release|Any CPU
		{87978AB6-374F-4F4D-83E6-FD5C767D88F5}.Debug|Any CPU.ActiveCfg = Debug|Any CPU
		{87978AB6-374F-4F4D-83E6-FD5C767D88F5}.Debug|Any CPU.Build.0 = Debug|Any CPU
		{87978AB6-374F-4F4D-83E6-FD5C767D88F5}.EasyTest|Any CPU.ActiveCfg = EasyTest|Any CPU
		{87978AB6-374F-4F4D-83E6-FD5C767D88F5}.EasyTest|Any CPU.Build.0 = EasyTest|Any CPU
		{87978AB6-374F-4F4D-83E6-FD5C767D88F5}.Release|Any CPU.ActiveCfg = Release|Any CPU
		{87978AB6-374F-4F4D-83E6-FD5C767D88F5}.Release|Any CPU.Build.0 = Release|Any CPU
	EndGlobalSection
	GlobalSection(SolutionProperties) = preSolution
		HideSolutionNode = FALSE
	EndGlobalSection
EndGlobal
